// !$*UTF8*$!
{
	archiveVersion = 1;
	classes = {
	};
	objectVersion = 46;
	objects = {

/* Begin PBXBuildFile section */
		368BD6E33D28E7BCF45E5E9C /* Pods_Merchant_Test.framework in Frameworks */ = {isa = PBXBuildFile; fileRef = 718E0C5C306D6AE4823B4E82 /* Pods_Merchant_Test.framework */; };
		DB1D743B1BE85D86008F23ED /* Alert.swift in Sources */ = {isa = PBXBuildFile; fileRef = DB1D743A1BE85D86008F23ED /* Alert.swift */; };
		DB1D743D1BE86116008F23ED /* Warning.png in Resources */ = {isa = PBXBuildFile; fileRef = DB1D743C1BE86116008F23ED /* Warning.png */; };
		DB395E721BEB04BE004343DC /* Review.swift in Sources */ = {isa = PBXBuildFile; fileRef = DB395E711BEB04BE004343DC /* Review.swift */; };
		DB395E741BEB0768004343DC /* Store.swift in Sources */ = {isa = PBXBuildFile; fileRef = DB395E731BEB0768004343DC /* Store.swift */; };
		DB395E771BEB0C42004343DC /* ItemDetailsViewController.swift in Sources */ = {isa = PBXBuildFile; fileRef = DB395E761BEB0C42004343DC /* ItemDetailsViewController.swift */; };
		DB395E791BEB1E76004343DC /* square299.png in Resources */ = {isa = PBXBuildFile; fileRef = DB395E781BEB1E76004343DC /* square299.png */; };
		DB395E7E1BEBDDD8004343DC /* ItemPicCollectionViewCell.swift in Sources */ = {isa = PBXBuildFile; fileRef = DB395E7D1BEBDDD8004343DC /* ItemPicCollectionViewCell.swift */; };
		DB395E801BEE95FC004343DC /* ItemAttTableViewCell.swift in Sources */ = {isa = PBXBuildFile; fileRef = DB395E7F1BEE95FC004343DC /* ItemAttTableViewCell.swift */; };
		DB395E821BEF1AA8004343DC /* EditItemViewController.swift in Sources */ = {isa = PBXBuildFile; fileRef = DB395E811BEF1AA8004343DC /* EditItemViewController.swift */; };
		DB395E841BEFDDF5004343DC /* CategoryTableViewCell.swift in Sources */ = {isa = PBXBuildFile; fileRef = DB395E831BEFDDF5004343DC /* CategoryTableViewCell.swift */; };
		DB395E861BEFE0B2004343DC /* reveal-icon.png in Resources */ = {isa = PBXBuildFile; fileRef = DB395E851BEFE0B2004343DC /* reveal-icon.png */; };
		DB395E881BF0EC1D004343DC /* ReviewTableViewCell.swift in Sources */ = {isa = PBXBuildFile; fileRef = DB395E871BF0EC1D004343DC /* ReviewTableViewCell.swift */; };
		DB395E8A1BF12168004343DC /* customer icon.jpeg in Resources */ = {isa = PBXBuildFile; fileRef = DB395E891BF12168004343DC /* customer icon.jpeg */; };
		DB65D4961BE6BEEF00957E53 /* AppDelegate.swift in Sources */ = {isa = PBXBuildFile; fileRef = DB65D4951BE6BEEF00957E53 /* AppDelegate.swift */; };
		DB65D49B1BE6BEEF00957E53 /* Main.storyboard in Resources */ = {isa = PBXBuildFile; fileRef = DB65D4991BE6BEEF00957E53 /* Main.storyboard */; };
		DB65D49D1BE6BEF000957E53 /* Assets.xcassets in Resources */ = {isa = PBXBuildFile; fileRef = DB65D49C1BE6BEF000957E53 /* Assets.xcassets */; };
		DB65D4A01BE6BEF000957E53 /* LaunchScreen.storyboard in Resources */ = {isa = PBXBuildFile; fileRef = DB65D49E1BE6BEF000957E53 /* LaunchScreen.storyboard */; };
		DB65D4AB1BE6BEF000957E53 /* Merchant_TestTests.swift in Sources */ = {isa = PBXBuildFile; fileRef = DB65D4AA1BE6BEF000957E53 /* Merchant_TestTests.swift */; };
		DB65D4B61BE6BEF000957E53 /* Merchant_TestUITests.swift in Sources */ = {isa = PBXBuildFile; fileRef = DB65D4B51BE6BEF000957E53 /* Merchant_TestUITests.swift */; };
		DB65D4C41BE6C63D00957E53 /* MoreTableViewController.swift in Sources */ = {isa = PBXBuildFile; fileRef = DB65D4C31BE6C63D00957E53 /* MoreTableViewController.swift */; };
		DB65D4C61BE7085900957E53 /* OrderPageViewController.swift in Sources */ = {isa = PBXBuildFile; fileRef = DB65D4C51BE7085900957E53 /* OrderPageViewController.swift */; };
		DB65D4C81BE7ABA800957E53 /* AlertTableCell.swift in Sources */ = {isa = PBXBuildFile; fileRef = DB65D4C71BE7ABA800957E53 /* AlertTableCell.swift */; };
		DB65D4CA1BE7F31500957E53 /* Red Dragon Roll.png in Resources */ = {isa = PBXBuildFile; fileRef = DB65D4C91BE7F31500957E53 /* Red Dragon Roll.png */; };
		DB65D4CC1BE7F97C00957E53 /* OrderTableCell.swift in Sources */ = {isa = PBXBuildFile; fileRef = DB65D4CB1BE7F97C00957E53 /* OrderTableCell.swift */; };
		DB65D4CE1BE7FDA700957E53 /* Order.swift in Sources */ = {isa = PBXBuildFile; fileRef = DB65D4CD1BE7FDA700957E53 /* Order.swift */; };
		DB65D4D01BE80D8700957E53 /* Spicy Tuna.png in Resources */ = {isa = PBXBuildFile; fileRef = DB65D4CF1BE80D8700957E53 /* Spicy Tuna.png */; };
		DB7948CF1C0F7A5900969F40 /* ParseUI.framework in Frameworks */ = {isa = PBXBuildFile; fileRef = DB7948CD1C0F7A5900969F40 /* ParseUI.framework */; };
		DB7948D01C0F7A5900969F40 /* ParseTwitterUtils.framework in Frameworks */ = {isa = PBXBuildFile; fileRef = DB7948CE1C0F7A5900969F40 /* ParseTwitterUtils.framework */; };
		DB7948D21C0F7AFD00969F40 /* Social.framework in Frameworks */ = {isa = PBXBuildFile; fileRef = DB7948D11C0F7AFC00969F40 /* Social.framework */; };
		DB7948D41C0F7B0400969F40 /* Accounts.framework in Frameworks */ = {isa = PBXBuildFile; fileRef = DB7948D31C0F7B0400969F40 /* Accounts.framework */; };
		DB7948D61C0F7B3500969F40 /* libsqlite3.tbd in Frameworks */ = {isa = PBXBuildFile; fileRef = DB7948D51C0F7B3500969F40 /* libsqlite3.tbd */; };
		DB7948D81C0F7B3B00969F40 /* libz.tbd in Frameworks */ = {isa = PBXBuildFile; fileRef = DB7948D71C0F7B3B00969F40 /* libz.tbd */; };
		DB7948DA1C0F7B4700969F40 /* SystemConfiguration.framework in Frameworks */ = {isa = PBXBuildFile; fileRef = DB7948D91C0F7B4700969F40 /* SystemConfiguration.framework */; };
		DB7948DC1C0F7B4F00969F40 /* StoreKit.framework in Frameworks */ = {isa = PBXBuildFile; fileRef = DB7948DB1C0F7B4F00969F40 /* StoreKit.framework */; };
		DB7948DE1C0F7B5600969F40 /* Security.framework in Frameworks */ = {isa = PBXBuildFile; fileRef = DB7948DD1C0F7B5600969F40 /* Security.framework */; };
		DB7948E01C0F7B6000969F40 /* QuartzCore.framework in Frameworks */ = {isa = PBXBuildFile; fileRef = DB7948DF1C0F7B6000969F40 /* QuartzCore.framework */; };
		DB7948E21C0F7B6800969F40 /* CoreLocation.framework in Frameworks */ = {isa = PBXBuildFile; fileRef = DB7948E11C0F7B6800969F40 /* CoreLocation.framework */; };
		DB7948E41C0F7B6E00969F40 /* CoreGraphics.framework in Frameworks */ = {isa = PBXBuildFile; fileRef = DB7948E31C0F7B6E00969F40 /* CoreGraphics.framework */; };
		DB7948E61C0F7B7700969F40 /* CFNetwork.framework in Frameworks */ = {isa = PBXBuildFile; fileRef = DB7948E51C0F7B7700969F40 /* CFNetwork.framework */; };
		DB7948E81C0F7B7E00969F40 /* AudioToolbox.framework in Frameworks */ = {isa = PBXBuildFile; fileRef = DB7948E71C0F7B7E00969F40 /* AudioToolbox.framework */; };
		DB7948EB1C0F7BB900969F40 /* Bolts.framework in Frameworks */ = {isa = PBXBuildFile; fileRef = DB7948E91C0F7BB900969F40 /* Bolts.framework */; };
		DB7948EC1C0F7BB900969F40 /* Parse.framework in Frameworks */ = {isa = PBXBuildFile; fileRef = DB7948EA1C0F7BB900969F40 /* Parse.framework */; };
		DB7948EE1C0F7BC400969F40 /* MobileCoreServices.framework in Frameworks */ = {isa = PBXBuildFile; fileRef = DB7948ED1C0F7BC400969F40 /* MobileCoreServices.framework */; };
		DB7948F01C0F7BDC00969F40 /* Foundation.framework in Frameworks */ = {isa = PBXBuildFile; fileRef = DB7948EF1C0F7BDC00969F40 /* Foundation.framework */; };
		DB7948F31C0F801A00969F40 /* MerchnatDataService.swift in Sources */ = {isa = PBXBuildFile; fileRef = DB7948F21C0F801A00969F40 /* MerchnatDataService.swift */; };
		DB7948F51C0F931200969F40 /* ItemCategory.swift in Sources */ = {isa = PBXBuildFile; fileRef = DB7948F41C0F931200969F40 /* ItemCategory.swift */; };
		DB7948F71C0F972B00969F40 /* ItemPicture.swift in Sources */ = {isa = PBXBuildFile; fileRef = DB7948F61C0F972B00969F40 /* ItemPicture.swift */; };
		DB7948F91C0F9CCB00969F40 /* StoreCategory.swift in Sources */ = {isa = PBXBuildFile; fileRef = DB7948F81C0F9CCB00969F40 /* StoreCategory.swift */; };
		DB7948FD1C10025400969F40 /* MerchantBaseModel.swift in Sources */ = {isa = PBXBuildFile; fileRef = DB7948FC1C10025400969F40 /* MerchantBaseModel.swift */; };
		DB9A58381BE90F08006C9804 /* StorePageViewController.swift in Sources */ = {isa = PBXBuildFile; fileRef = DB9A58371BE90F08006C9804 /* StorePageViewController.swift */; };
		DB9A583A1BE91234006C9804 /* CategoryViewController.swift in Sources */ = {isa = PBXBuildFile; fileRef = DB9A58391BE91234006C9804 /* CategoryViewController.swift */; };
		DB9A583C1BE91274006C9804 /* NewItemViewController.swift in Sources */ = {isa = PBXBuildFile; fileRef = DB9A583B1BE91274006C9804 /* NewItemViewController.swift */; };
		DB9A583E1BE95EFF006C9804 /* Item.swift in Sources */ = {isa = PBXBuildFile; fileRef = DB9A583D1BE95EFF006C9804 /* Item.swift */; };
		DB9A58401BE95F20006C9804 /* ItemCollectionViewCell.swift in Sources */ = {isa = PBXBuildFile; fileRef = DB9A583F1BE95F20006C9804 /* ItemCollectionViewCell.swift */; };
/* End PBXBuildFile section */

/* Begin PBXContainerItemProxy section */
		DB65D4A71BE6BEF000957E53 /* PBXContainerItemProxy */ = {
			isa = PBXContainerItemProxy;
			containerPortal = DB65D48A1BE6BEEF00957E53 /* Project object */;
			proxyType = 1;
			remoteGlobalIDString = DB65D4911BE6BEEF00957E53;
			remoteInfo = Merchant_Test;
		};
		DB65D4B21BE6BEF000957E53 /* PBXContainerItemProxy */ = {
			isa = PBXContainerItemProxy;
			containerPortal = DB65D48A1BE6BEEF00957E53 /* Project object */;
			proxyType = 1;
			remoteGlobalIDString = DB65D4911BE6BEEF00957E53;
			remoteInfo = Merchant_Test;
		};
/* End PBXContainerItemProxy section */

/* Begin PBXFileReference section */
		718E0C5C306D6AE4823B4E82 /* Pods_Merchant_Test.framework */ = {isa = PBXFileReference; explicitFileType = wrapper.framework; includeInIndex = 0; path = Pods_Merchant_Test.framework; sourceTree = BUILT_PRODUCTS_DIR; };
		A64BEB6E59440FC480E06171 /* Pods-Merchant_Test.release.xcconfig */ = {isa = PBXFileReference; includeInIndex = 1; lastKnownFileType = text.xcconfig; name = "Pods-Merchant_Test.release.xcconfig"; path = "Pods/Target Support Files/Pods-Merchant_Test/Pods-Merchant_Test.release.xcconfig"; sourceTree = "<group>"; };
		DB1D743A1BE85D86008F23ED /* Alert.swift */ = {isa = PBXFileReference; fileEncoding = 4; lastKnownFileType = sourcecode.swift; path = Alert.swift; sourceTree = "<group>"; };
		DB1D743C1BE86116008F23ED /* Warning.png */ = {isa = PBXFileReference; lastKnownFileType = image.png; path = Warning.png; sourceTree = "<group>"; };
		DB395E711BEB04BE004343DC /* Review.swift */ = {isa = PBXFileReference; fileEncoding = 4; lastKnownFileType = sourcecode.swift; path = Review.swift; sourceTree = "<group>"; };
		DB395E731BEB0768004343DC /* Store.swift */ = {isa = PBXFileReference; fileEncoding = 4; lastKnownFileType = sourcecode.swift; path = Store.swift; sourceTree = "<group>"; };
		DB395E761BEB0C42004343DC /* ItemDetailsViewController.swift */ = {isa = PBXFileReference; fileEncoding = 4; lastKnownFileType = sourcecode.swift; path = ItemDetailsViewController.swift; sourceTree = "<group>"; };
		DB395E781BEB1E76004343DC /* square299.png */ = {isa = PBXFileReference; lastKnownFileType = image.png; path = square299.png; sourceTree = "<group>"; };
		DB395E7D1BEBDDD8004343DC /* ItemPicCollectionViewCell.swift */ = {isa = PBXFileReference; fileEncoding = 4; lastKnownFileType = sourcecode.swift; path = ItemPicCollectionViewCell.swift; sourceTree = "<group>"; };
		DB395E7F1BEE95FC004343DC /* ItemAttTableViewCell.swift */ = {isa = PBXFileReference; fileEncoding = 4; lastKnownFileType = sourcecode.swift; path = ItemAttTableViewCell.swift; sourceTree = "<group>"; };
		DB395E811BEF1AA8004343DC /* EditItemViewController.swift */ = {isa = PBXFileReference; fileEncoding = 4; lastKnownFileType = sourcecode.swift; path = EditItemViewController.swift; sourceTree = "<group>"; };
		DB395E831BEFDDF5004343DC /* CategoryTableViewCell.swift */ = {isa = PBXFileReference; fileEncoding = 4; lastKnownFileType = sourcecode.swift; path = CategoryTableViewCell.swift; sourceTree = "<group>"; };
		DB395E851BEFE0B2004343DC /* reveal-icon.png */ = {isa = PBXFileReference; lastKnownFileType = image.png; path = "reveal-icon.png"; sourceTree = "<group>"; };
		DB395E871BF0EC1D004343DC /* ReviewTableViewCell.swift */ = {isa = PBXFileReference; fileEncoding = 4; lastKnownFileType = sourcecode.swift; path = ReviewTableViewCell.swift; sourceTree = "<group>"; };
		DB395E891BF12168004343DC /* customer icon.jpeg */ = {isa = PBXFileReference; lastKnownFileType = image.jpeg; path = "customer icon.jpeg"; sourceTree = "<group>"; };
		DB65D4921BE6BEEF00957E53 /* Merchant_Test.app */ = {isa = PBXFileReference; explicitFileType = wrapper.application; includeInIndex = 0; path = Merchant_Test.app; sourceTree = BUILT_PRODUCTS_DIR; };
		DB65D4951BE6BEEF00957E53 /* AppDelegate.swift */ = {isa = PBXFileReference; lastKnownFileType = sourcecode.swift; name = AppDelegate.swift; path = Merchant_Test/AppDelegate.swift; sourceTree = "<group>"; };
		DB65D49A1BE6BEEF00957E53 /* Base */ = {isa = PBXFileReference; lastKnownFileType = file.storyboard; name = Base; path = Base.lproj/Main.storyboard; sourceTree = "<group>"; };
		DB65D49C1BE6BEF000957E53 /* Assets.xcassets */ = {isa = PBXFileReference; lastKnownFileType = folder.assetcatalog; path = Assets.xcassets; sourceTree = "<group>"; };
		DB65D49F1BE6BEF000957E53 /* Base */ = {isa = PBXFileReference; lastKnownFileType = file.storyboard; name = Base; path = Base.lproj/LaunchScreen.storyboard; sourceTree = "<group>"; };
		DB65D4A11BE6BEF000957E53 /* Info.plist */ = {isa = PBXFileReference; lastKnownFileType = text.plist.xml; path = Info.plist; sourceTree = "<group>"; };
		DB65D4A61BE6BEF000957E53 /* Merchant_TestTests.xctest */ = {isa = PBXFileReference; explicitFileType = wrapper.cfbundle; includeInIndex = 0; path = Merchant_TestTests.xctest; sourceTree = BUILT_PRODUCTS_DIR; };
		DB65D4AA1BE6BEF000957E53 /* Merchant_TestTests.swift */ = {isa = PBXFileReference; lastKnownFileType = sourcecode.swift; path = Merchant_TestTests.swift; sourceTree = "<group>"; };
		DB65D4AC1BE6BEF000957E53 /* Info.plist */ = {isa = PBXFileReference; lastKnownFileType = text.plist.xml; path = Info.plist; sourceTree = "<group>"; };
		DB65D4B11BE6BEF000957E53 /* Merchant_TestUITests.xctest */ = {isa = PBXFileReference; explicitFileType = wrapper.cfbundle; includeInIndex = 0; path = Merchant_TestUITests.xctest; sourceTree = BUILT_PRODUCTS_DIR; };
		DB65D4B51BE6BEF000957E53 /* Merchant_TestUITests.swift */ = {isa = PBXFileReference; lastKnownFileType = sourcecode.swift; path = Merchant_TestUITests.swift; sourceTree = "<group>"; };
		DB65D4B71BE6BEF000957E53 /* Info.plist */ = {isa = PBXFileReference; lastKnownFileType = text.plist.xml; path = Info.plist; sourceTree = "<group>"; };
		DB65D4C31BE6C63D00957E53 /* MoreTableViewController.swift */ = {isa = PBXFileReference; fileEncoding = 4; lastKnownFileType = sourcecode.swift; path = MoreTableViewController.swift; sourceTree = "<group>"; };
		DB65D4C51BE7085900957E53 /* OrderPageViewController.swift */ = {isa = PBXFileReference; fileEncoding = 4; lastKnownFileType = sourcecode.swift; path = OrderPageViewController.swift; sourceTree = "<group>"; };
		DB65D4C71BE7ABA800957E53 /* AlertTableCell.swift */ = {isa = PBXFileReference; fileEncoding = 4; lastKnownFileType = sourcecode.swift; path = AlertTableCell.swift; sourceTree = "<group>"; };
		DB65D4C91BE7F31500957E53 /* Red Dragon Roll.png */ = {isa = PBXFileReference; lastKnownFileType = image.png; path = "Red Dragon Roll.png"; sourceTree = "<group>"; };
		DB65D4CB1BE7F97C00957E53 /* OrderTableCell.swift */ = {isa = PBXFileReference; fileEncoding = 4; lastKnownFileType = sourcecode.swift; path = OrderTableCell.swift; sourceTree = "<group>"; };
		DB65D4CD1BE7FDA700957E53 /* Order.swift */ = {isa = PBXFileReference; fileEncoding = 4; lastKnownFileType = sourcecode.swift; path = Order.swift; sourceTree = "<group>"; };
		DB65D4CF1BE80D8700957E53 /* Spicy Tuna.png */ = {isa = PBXFileReference; lastKnownFileType = image.png; path = "Spicy Tuna.png"; sourceTree = "<group>"; };
		DB7948CD1C0F7A5900969F40 /* ParseUI.framework */ = {isa = PBXFileReference; lastKnownFileType = wrapper.framework; path = ParseUI.framework; sourceTree = "<group>"; };
		DB7948CE1C0F7A5900969F40 /* ParseTwitterUtils.framework */ = {isa = PBXFileReference; lastKnownFileType = wrapper.framework; path = ParseTwitterUtils.framework; sourceTree = "<group>"; };
		DB7948D11C0F7AFC00969F40 /* Social.framework */ = {isa = PBXFileReference; lastKnownFileType = wrapper.framework; name = Social.framework; path = System/Library/Frameworks/Social.framework; sourceTree = SDKROOT; };
		DB7948D31C0F7B0400969F40 /* Accounts.framework */ = {isa = PBXFileReference; lastKnownFileType = wrapper.framework; name = Accounts.framework; path = System/Library/Frameworks/Accounts.framework; sourceTree = SDKROOT; };
		DB7948D51C0F7B3500969F40 /* libsqlite3.tbd */ = {isa = PBXFileReference; lastKnownFileType = "sourcecode.text-based-dylib-definition"; name = libsqlite3.tbd; path = usr/lib/libsqlite3.tbd; sourceTree = SDKROOT; };
		DB7948D71C0F7B3B00969F40 /* libz.tbd */ = {isa = PBXFileReference; lastKnownFileType = "sourcecode.text-based-dylib-definition"; name = libz.tbd; path = usr/lib/libz.tbd; sourceTree = SDKROOT; };
		DB7948D91C0F7B4700969F40 /* SystemConfiguration.framework */ = {isa = PBXFileReference; lastKnownFileType = wrapper.framework; name = SystemConfiguration.framework; path = System/Library/Frameworks/SystemConfiguration.framework; sourceTree = SDKROOT; };
		DB7948DB1C0F7B4F00969F40 /* StoreKit.framework */ = {isa = PBXFileReference; lastKnownFileType = wrapper.framework; name = StoreKit.framework; path = System/Library/Frameworks/StoreKit.framework; sourceTree = SDKROOT; };
		DB7948DD1C0F7B5600969F40 /* Security.framework */ = {isa = PBXFileReference; lastKnownFileType = wrapper.framework; name = Security.framework; path = System/Library/Frameworks/Security.framework; sourceTree = SDKROOT; };
		DB7948DF1C0F7B6000969F40 /* QuartzCore.framework */ = {isa = PBXFileReference; lastKnownFileType = wrapper.framework; name = QuartzCore.framework; path = System/Library/Frameworks/QuartzCore.framework; sourceTree = SDKROOT; };
		DB7948E11C0F7B6800969F40 /* CoreLocation.framework */ = {isa = PBXFileReference; lastKnownFileType = wrapper.framework; name = CoreLocation.framework; path = System/Library/Frameworks/CoreLocation.framework; sourceTree = SDKROOT; };
		DB7948E31C0F7B6E00969F40 /* CoreGraphics.framework */ = {isa = PBXFileReference; lastKnownFileType = wrapper.framework; name = CoreGraphics.framework; path = System/Library/Frameworks/CoreGraphics.framework; sourceTree = SDKROOT; };
		DB7948E51C0F7B7700969F40 /* CFNetwork.framework */ = {isa = PBXFileReference; lastKnownFileType = wrapper.framework; name = CFNetwork.framework; path = System/Library/Frameworks/CFNetwork.framework; sourceTree = SDKROOT; };
		DB7948E71C0F7B7E00969F40 /* AudioToolbox.framework */ = {isa = PBXFileReference; lastKnownFileType = wrapper.framework; name = AudioToolbox.framework; path = System/Library/Frameworks/AudioToolbox.framework; sourceTree = SDKROOT; };
		DB7948E91C0F7BB900969F40 /* Bolts.framework */ = {isa = PBXFileReference; lastKnownFileType = wrapper.framework; name = Bolts.framework; path = "Pods/../build/Debug-iphoneos/Bolts.framework"; sourceTree = "<group>"; };
		DB7948EA1C0F7BB900969F40 /* Parse.framework */ = {isa = PBXFileReference; lastKnownFileType = wrapper.framework; name = Parse.framework; path = "Pods/../build/Debug-iphoneos/Parse.framework"; sourceTree = "<group>"; };
		DB7948ED1C0F7BC400969F40 /* MobileCoreServices.framework */ = {isa = PBXFileReference; lastKnownFileType = wrapper.framework; name = MobileCoreServices.framework; path = System/Library/Frameworks/MobileCoreServices.framework; sourceTree = SDKROOT; };
		DB7948EF1C0F7BDC00969F40 /* Foundation.framework */ = {isa = PBXFileReference; lastKnownFileType = wrapper.framework; name = Foundation.framework; path = System/Library/Frameworks/Foundation.framework; sourceTree = SDKROOT; };
		DB7948F21C0F801A00969F40 /* MerchnatDataService.swift */ = {isa = PBXFileReference; fileEncoding = 4; lastKnownFileType = sourcecode.swift; path = MerchnatDataService.swift; sourceTree = "<group>"; };
		DB7948F41C0F931200969F40 /* ItemCategory.swift */ = {isa = PBXFileReference; fileEncoding = 4; lastKnownFileType = sourcecode.swift; path = ItemCategory.swift; sourceTree = "<group>"; };
		DB7948F61C0F972B00969F40 /* ItemPicture.swift */ = {isa = PBXFileReference; fileEncoding = 4; lastKnownFileType = sourcecode.swift; path = ItemPicture.swift; sourceTree = "<group>"; };
		DB7948F81C0F9CCB00969F40 /* StoreCategory.swift */ = {isa = PBXFileReference; fileEncoding = 4; lastKnownFileType = sourcecode.swift; path = StoreCategory.swift; sourceTree = "<group>"; };
		DB7948FC1C10025400969F40 /* MerchantBaseModel.swift */ = {isa = PBXFileReference; fileEncoding = 4; lastKnownFileType = sourcecode.swift; path = MerchantBaseModel.swift; sourceTree = "<group>"; };
		DB9A58371BE90F08006C9804 /* StorePageViewController.swift */ = {isa = PBXFileReference; fileEncoding = 4; lastKnownFileType = sourcecode.swift; path = StorePageViewController.swift; sourceTree = "<group>"; };
		DB9A58391BE91234006C9804 /* CategoryViewController.swift */ = {isa = PBXFileReference; fileEncoding = 4; lastKnownFileType = sourcecode.swift; path = CategoryViewController.swift; sourceTree = "<group>"; };
		DB9A583B1BE91274006C9804 /* NewItemViewController.swift */ = {isa = PBXFileReference; fileEncoding = 4; lastKnownFileType = sourcecode.swift; path = NewItemViewController.swift; sourceTree = "<group>"; };
		DB9A583D1BE95EFF006C9804 /* Item.swift */ = {isa = PBXFileReference; fileEncoding = 4; lastKnownFileType = sourcecode.swift; path = Item.swift; sourceTree = "<group>"; };
		DB9A583F1BE95F20006C9804 /* ItemCollectionViewCell.swift */ = {isa = PBXFileReference; fileEncoding = 4; lastKnownFileType = sourcecode.swift; path = ItemCollectionViewCell.swift; sourceTree = "<group>"; };
		EC8A6DDCFF83A5EDBE05664C /* Pods-Merchant_Test.debug.xcconfig */ = {isa = PBXFileReference; includeInIndex = 1; lastKnownFileType = text.xcconfig; name = "Pods-Merchant_Test.debug.xcconfig"; path = "Pods/Target Support Files/Pods-Merchant_Test/Pods-Merchant_Test.debug.xcconfig"; sourceTree = "<group>"; };
/* End PBXFileReference section */

/* Begin PBXFrameworksBuildPhase section */
		DB65D48F1BE6BEEF00957E53 /* Frameworks */ = {
			isa = PBXFrameworksBuildPhase;
			buildActionMask = 2147483647;
			files = (
				DB7948F01C0F7BDC00969F40 /* Foundation.framework in Frameworks */,
				DB7948EE1C0F7BC400969F40 /* MobileCoreServices.framework in Frameworks */,
				DB7948EB1C0F7BB900969F40 /* Bolts.framework in Frameworks */,
				DB7948EC1C0F7BB900969F40 /* Parse.framework in Frameworks */,
				DB7948E81C0F7B7E00969F40 /* AudioToolbox.framework in Frameworks */,
				DB7948E61C0F7B7700969F40 /* CFNetwork.framework in Frameworks */,
				DB7948E41C0F7B6E00969F40 /* CoreGraphics.framework in Frameworks */,
				DB7948E21C0F7B6800969F40 /* CoreLocation.framework in Frameworks */,
				DB7948E01C0F7B6000969F40 /* QuartzCore.framework in Frameworks */,
				DB7948DE1C0F7B5600969F40 /* Security.framework in Frameworks */,
				DB7948DC1C0F7B4F00969F40 /* StoreKit.framework in Frameworks */,
				DB7948DA1C0F7B4700969F40 /* SystemConfiguration.framework in Frameworks */,
				DB7948D81C0F7B3B00969F40 /* libz.tbd in Frameworks */,
				DB7948D61C0F7B3500969F40 /* libsqlite3.tbd in Frameworks */,
				DB7948D41C0F7B0400969F40 /* Accounts.framework in Frameworks */,
				DB7948D21C0F7AFD00969F40 /* Social.framework in Frameworks */,
				DB7948CF1C0F7A5900969F40 /* ParseUI.framework in Frameworks */,
				DB7948D01C0F7A5900969F40 /* ParseTwitterUtils.framework in Frameworks */,
				368BD6E33D28E7BCF45E5E9C /* Pods_Merchant_Test.framework in Frameworks */,
			);
			runOnlyForDeploymentPostprocessing = 0;
		};
		DB65D4A31BE6BEF000957E53 /* Frameworks */ = {
			isa = PBXFrameworksBuildPhase;
			buildActionMask = 2147483647;
			files = (
			);
			runOnlyForDeploymentPostprocessing = 0;
		};
		DB65D4AE1BE6BEF000957E53 /* Frameworks */ = {
			isa = PBXFrameworksBuildPhase;
			buildActionMask = 2147483647;
			files = (
			);
			runOnlyForDeploymentPostprocessing = 0;
		};
/* End PBXFrameworksBuildPhase section */

/* Begin PBXGroup section */
		1FBD2A0825E3F60F9A4F859A /* Pods */ = {
			isa = PBXGroup;
			children = (
				EC8A6DDCFF83A5EDBE05664C /* Pods-Merchant_Test.debug.xcconfig */,
				A64BEB6E59440FC480E06171 /* Pods-Merchant_Test.release.xcconfig */,
			);
			name = Pods;
			sourceTree = "<group>";
		};
		DB395E751BEB0776004343DC /* Model */ = {
			isa = PBXGroup;
			children = (
				DB395E711BEB04BE004343DC /* Review.swift */,
				DB1D743A1BE85D86008F23ED /* Alert.swift */,
				DB65D4CD1BE7FDA700957E53 /* Order.swift */,
				DB9A583D1BE95EFF006C9804 /* Item.swift */,
				DB395E731BEB0768004343DC /* Store.swift */,
				DB7948F61C0F972B00969F40 /* ItemPicture.swift */,
				DB7948F81C0F9CCB00969F40 /* StoreCategory.swift */,
				DB7948F41C0F931200969F40 /* ItemCategory.swift */,
				DB7948FC1C10025400969F40 /* MerchantBaseModel.swift */,
			);
			name = Model;
			sourceTree = "<group>";
		};
		DB395E7A1BEBDB5F004343DC /* Table Cell */ = {
			isa = PBXGroup;
			children = (
				DB395E831BEFDDF5004343DC /* CategoryTableViewCell.swift */,
				DB395E7D1BEBDDD8004343DC /* ItemPicCollectionViewCell.swift */,
				DB9A583F1BE95F20006C9804 /* ItemCollectionViewCell.swift */,
				DB65D4CB1BE7F97C00957E53 /* OrderTableCell.swift */,
				DB65D4C71BE7ABA800957E53 /* AlertTableCell.swift */,
				DB395E7F1BEE95FC004343DC /* ItemAttTableViewCell.swift */,
				DB395E871BF0EC1D004343DC /* ReviewTableViewCell.swift */,
			);
			name = "Table Cell";
			sourceTree = "<group>";
		};
		DB65D4891BE6BEEF00957E53 = {
			isa = PBXGroup;
			children = (
				DB65D4951BE6BEEF00957E53 /* AppDelegate.swift */,
				DB65D4991BE6BEEF00957E53 /* Main.storyboard */,
				DB65D4C51BE7085900957E53 /* OrderPageViewController.swift */,
				DB9A583B1BE91274006C9804 /* NewItemViewController.swift */,
				DB9A58391BE91234006C9804 /* CategoryViewController.swift */,
				DB395E811BEF1AA8004343DC /* EditItemViewController.swift */,
				DB395E761BEB0C42004343DC /* ItemDetailsViewController.swift */,
				DB9A58371BE90F08006C9804 /* StorePageViewController.swift */,
				DB65D4C31BE6C63D00957E53 /* MoreTableViewController.swift */,
				DB7948F11C0F7E8300969F40 /* Parse Data Service */,
				DB395E7A1BEBDB5F004343DC /* Table Cell */,
				DB395E751BEB0776004343DC /* Model */,
				DB65D4941BE6BEEF00957E53 /* Merchant_Test */,
				DB65D4A91BE6BEF000957E53 /* Merchant_TestTests */,
				DB65D4B41BE6BEF000957E53 /* Merchant_TestUITests */,
				DB65D4931BE6BEEF00957E53 /* Products */,
				1FBD2A0825E3F60F9A4F859A /* Pods */,
				E40108F4DD6A0C29FE184525 /* Frameworks */,
			);
			sourceTree = "<group>";
		};
		DB65D4931BE6BEEF00957E53 /* Products */ = {
			isa = PBXGroup;
			children = (
				DB65D4921BE6BEEF00957E53 /* Merchant_Test.app */,
				DB65D4A61BE6BEF000957E53 /* Merchant_TestTests.xctest */,
				DB65D4B11BE6BEF000957E53 /* Merchant_TestUITests.xctest */,
			);
			name = Products;
			sourceTree = "<group>";
		};
		DB65D4941BE6BEEF00957E53 /* Merchant_Test */ = {
			isa = PBXGroup;
			children = (
				DB65D4C91BE7F31500957E53 /* Red Dragon Roll.png */,
				DB1D743C1BE86116008F23ED /* Warning.png */,
				DB65D4CF1BE80D8700957E53 /* Spicy Tuna.png */,
				DB395E891BF12168004343DC /* customer icon.jpeg */,
				DB65D49C1BE6BEF000957E53 /* Assets.xcassets */,
				DB395E851BEFE0B2004343DC /* reveal-icon.png */,
				DB395E781BEB1E76004343DC /* square299.png */,
				DB65D49E1BE6BEF000957E53 /* LaunchScreen.storyboard */,
				DB65D4A11BE6BEF000957E53 /* Info.plist */,
			);
			path = Merchant_Test;
			sourceTree = "<group>";
		};
		DB65D4A91BE6BEF000957E53 /* Merchant_TestTests */ = {
			isa = PBXGroup;
			children = (
				DB65D4AA1BE6BEF000957E53 /* Merchant_TestTests.swift */,
				DB65D4AC1BE6BEF000957E53 /* Info.plist */,
			);
			path = Merchant_TestTests;
			sourceTree = "<group>";
		};
		DB65D4B41BE6BEF000957E53 /* Merchant_TestUITests */ = {
			isa = PBXGroup;
			children = (
				DB65D4B51BE6BEF000957E53 /* Merchant_TestUITests.swift */,
				DB65D4B71BE6BEF000957E53 /* Info.plist */,
			);
			path = Merchant_TestUITests;
			sourceTree = "<group>";
		};
		DB7948F11C0F7E8300969F40 /* Parse Data Service */ = {
			isa = PBXGroup;
			children = (
				DB7948F21C0F801A00969F40 /* MerchnatDataService.swift */,
			);
			name = "Parse Data Service";
			sourceTree = "<group>";
		};
		E40108F4DD6A0C29FE184525 /* Frameworks */ = {
			isa = PBXGroup;
			children = (
				DB7948EF1C0F7BDC00969F40 /* Foundation.framework */,
				DB7948ED1C0F7BC400969F40 /* MobileCoreServices.framework */,
				DB7948E91C0F7BB900969F40 /* Bolts.framework */,
				DB7948EA1C0F7BB900969F40 /* Parse.framework */,
				DB7948E71C0F7B7E00969F40 /* AudioToolbox.framework */,
				DB7948E51C0F7B7700969F40 /* CFNetwork.framework */,
				DB7948E31C0F7B6E00969F40 /* CoreGraphics.framework */,
				DB7948E11C0F7B6800969F40 /* CoreLocation.framework */,
				DB7948DF1C0F7B6000969F40 /* QuartzCore.framework */,
				DB7948DD1C0F7B5600969F40 /* Security.framework */,
				DB7948DB1C0F7B4F00969F40 /* StoreKit.framework */,
				DB7948D91C0F7B4700969F40 /* SystemConfiguration.framework */,
				DB7948D71C0F7B3B00969F40 /* libz.tbd */,
				DB7948D51C0F7B3500969F40 /* libsqlite3.tbd */,
				DB7948D31C0F7B0400969F40 /* Accounts.framework */,
				DB7948D11C0F7AFC00969F40 /* Social.framework */,
				DB7948CD1C0F7A5900969F40 /* ParseUI.framework */,
				DB7948CE1C0F7A5900969F40 /* ParseTwitterUtils.framework */,
				718E0C5C306D6AE4823B4E82 /* Pods_Merchant_Test.framework */,
			);
			name = Frameworks;
			sourceTree = "<group>";
		};
/* End PBXGroup section */

/* Begin PBXNativeTarget section */
		DB65D4911BE6BEEF00957E53 /* Merchant_Test */ = {
			isa = PBXNativeTarget;
			buildConfigurationList = DB65D4BA1BE6BEF000957E53 /* Build configuration list for PBXNativeTarget "Merchant_Test" */;
			buildPhases = (
				8971716BF15A1EC11D53519C /* Check Pods Manifest.lock */,
				DB65D48E1BE6BEEF00957E53 /* Sources */,
				DB65D48F1BE6BEEF00957E53 /* Frameworks */,
				DB65D4901BE6BEEF00957E53 /* Resources */,
				3C2A3E108551D9A8D52DF7B1 /* Embed Pods Frameworks */,
				49F6C9D8608E92734BBF727B /* Copy Pods Resources */,
			);
			buildRules = (
			);
			dependencies = (
			);
			name = Merchant_Test;
			productName = Merchant_Test;
			productReference = DB65D4921BE6BEEF00957E53 /* Merchant_Test.app */;
			productType = "com.apple.product-type.application";
		};
		DB65D4A51BE6BEF000957E53 /* Merchant_TestTests */ = {
			isa = PBXNativeTarget;
			buildConfigurationList = DB65D4BD1BE6BEF000957E53 /* Build configuration list for PBXNativeTarget "Merchant_TestTests" */;
			buildPhases = (
				DB65D4A21BE6BEF000957E53 /* Sources */,
				DB65D4A31BE6BEF000957E53 /* Frameworks */,
				DB65D4A41BE6BEF000957E53 /* Resources */,
			);
			buildRules = (
			);
			dependencies = (
				DB65D4A81BE6BEF000957E53 /* PBXTargetDependency */,
			);
			name = Merchant_TestTests;
			productName = Merchant_TestTests;
			productReference = DB65D4A61BE6BEF000957E53 /* Merchant_TestTests.xctest */;
			productType = "com.apple.product-type.bundle.unit-test";
		};
		DB65D4B01BE6BEF000957E53 /* Merchant_TestUITests */ = {
			isa = PBXNativeTarget;
			buildConfigurationList = DB65D4C01BE6BEF000957E53 /* Build configuration list for PBXNativeTarget "Merchant_TestUITests" */;
			buildPhases = (
				DB65D4AD1BE6BEF000957E53 /* Sources */,
				DB65D4AE1BE6BEF000957E53 /* Frameworks */,
				DB65D4AF1BE6BEF000957E53 /* Resources */,
			);
			buildRules = (
			);
			dependencies = (
				DB65D4B31BE6BEF000957E53 /* PBXTargetDependency */,
			);
			name = Merchant_TestUITests;
			productName = Merchant_TestUITests;
			productReference = DB65D4B11BE6BEF000957E53 /* Merchant_TestUITests.xctest */;
			productType = "com.apple.product-type.bundle.ui-testing";
		};
/* End PBXNativeTarget section */

/* Begin PBXProject section */
		DB65D48A1BE6BEEF00957E53 /* Project object */ = {
			isa = PBXProject;
			attributes = {
				LastUpgradeCheck = 0700;
				ORGANIZATIONNAME = Talace;
				TargetAttributes = {
					DB65D4911BE6BEEF00957E53 = {
						CreatedOnToolsVersion = 7.0.1;
					};
					DB65D4A51BE6BEF000957E53 = {
						CreatedOnToolsVersion = 7.0.1;
						TestTargetID = DB65D4911BE6BEEF00957E53;
					};
					DB65D4B01BE6BEF000957E53 = {
						CreatedOnToolsVersion = 7.0.1;
						TestTargetID = DB65D4911BE6BEEF00957E53;
					};
				};
			};
			buildConfigurationList = DB65D48D1BE6BEEF00957E53 /* Build configuration list for PBXProject "Merchant_Test" */;
			compatibilityVersion = "Xcode 3.2";
			developmentRegion = English;
			hasScannedForEncodings = 0;
			knownRegions = (
				en,
				Base,
			);
			mainGroup = DB65D4891BE6BEEF00957E53;
			productRefGroup = DB65D4931BE6BEEF00957E53 /* Products */;
			projectDirPath = "";
			projectRoot = "";
			targets = (
				DB65D4911BE6BEEF00957E53 /* Merchant_Test */,
				DB65D4A51BE6BEF000957E53 /* Merchant_TestTests */,
				DB65D4B01BE6BEF000957E53 /* Merchant_TestUITests */,
			);
		};
/* End PBXProject section */

/* Begin PBXResourcesBuildPhase section */
		DB65D4901BE6BEEF00957E53 /* Resources */ = {
			isa = PBXResourcesBuildPhase;
			buildActionMask = 2147483647;
			files = (
				DB65D4A01BE6BEF000957E53 /* LaunchScreen.storyboard in Resources */,
				DB65D4CA1BE7F31500957E53 /* Red Dragon Roll.png in Resources */,
				DB395E8A1BF12168004343DC /* customer icon.jpeg in Resources */,
				DB1D743D1BE86116008F23ED /* Warning.png in Resources */,
				DB65D4D01BE80D8700957E53 /* Spicy Tuna.png in Resources */,
				DB395E791BEB1E76004343DC /* square299.png in Resources */,
				DB65D49D1BE6BEF000957E53 /* Assets.xcassets in Resources */,
				DB65D49B1BE6BEEF00957E53 /* Main.storyboard in Resources */,
				DB395E861BEFE0B2004343DC /* reveal-icon.png in Resources */,
			);
			runOnlyForDeploymentPostprocessing = 0;
		};
		DB65D4A41BE6BEF000957E53 /* Resources */ = {
			isa = PBXResourcesBuildPhase;
			buildActionMask = 2147483647;
			files = (
			);
			runOnlyForDeploymentPostprocessing = 0;
		};
		DB65D4AF1BE6BEF000957E53 /* Resources */ = {
			isa = PBXResourcesBuildPhase;
			buildActionMask = 2147483647;
			files = (
			);
			runOnlyForDeploymentPostprocessing = 0;
		};
/* End PBXResourcesBuildPhase section */

/* Begin PBXShellScriptBuildPhase section */
		3C2A3E108551D9A8D52DF7B1 /* Embed Pods Frameworks */ = {
			isa = PBXShellScriptBuildPhase;
			buildActionMask = 2147483647;
			files = (
			);
			inputPaths = (
			);
			name = "Embed Pods Frameworks";
			outputPaths = (
			);
			runOnlyForDeploymentPostprocessing = 0;
			shellPath = /bin/sh;
			shellScript = "\"${SRCROOT}/Pods/Target Support Files/Pods-Merchant_Test/Pods-Merchant_Test-frameworks.sh\"\n";
			showEnvVarsInLog = 0;
		};
		49F6C9D8608E92734BBF727B /* Copy Pods Resources */ = {
			isa = PBXShellScriptBuildPhase;
			buildActionMask = 2147483647;
			files = (
			);
			inputPaths = (
			);
			name = "Copy Pods Resources";
			outputPaths = (
			);
			runOnlyForDeploymentPostprocessing = 0;
			shellPath = /bin/sh;
			shellScript = "\"${SRCROOT}/Pods/Target Support Files/Pods-Merchant_Test/Pods-Merchant_Test-resources.sh\"\n";
			showEnvVarsInLog = 0;
		};
		8971716BF15A1EC11D53519C /* Check Pods Manifest.lock */ = {
			isa = PBXShellScriptBuildPhase;
			buildActionMask = 2147483647;
			files = (
			);
			inputPaths = (
			);
			name = "Check Pods Manifest.lock";
			outputPaths = (
			);
			runOnlyForDeploymentPostprocessing = 0;
			shellPath = /bin/sh;
			shellScript = "diff \"${PODS_ROOT}/../Podfile.lock\" \"${PODS_ROOT}/Manifest.lock\" > /dev/null\nif [[ $? != 0 ]] ; then\n    cat << EOM\nerror: The sandbox is not in sync with the Podfile.lock. Run 'pod install' or update your CocoaPods installation.\nEOM\n    exit 1\nfi\n";
			showEnvVarsInLog = 0;
		};
/* End PBXShellScriptBuildPhase section */

/* Begin PBXSourcesBuildPhase section */
		DB65D48E1BE6BEEF00957E53 /* Sources */ = {
			isa = PBXSourcesBuildPhase;
			buildActionMask = 2147483647;
			files = (
				DB65D4CE1BE7FDA700957E53 /* Order.swift in Sources */,
				DB395E821BEF1AA8004343DC /* EditItemViewController.swift in Sources */,
				DB9A583A1BE91234006C9804 /* CategoryViewController.swift in Sources */,
				DB395E801BEE95FC004343DC /* ItemAttTableViewCell.swift in Sources */,
				DB9A583C1BE91274006C9804 /* NewItemViewController.swift in Sources */,
				DB395E771BEB0C42004343DC /* ItemDetailsViewController.swift in Sources */,
				DB65D4C41BE6C63D00957E53 /* MoreTableViewController.swift in Sources */,
				DB7948F31C0F801A00969F40 /* MerchnatDataService.swift in Sources */,
				DB65D4CC1BE7F97C00957E53 /* OrderTableCell.swift in Sources */,
				DB7948F91C0F9CCB00969F40 /* StoreCategory.swift in Sources */,
				DB9A583E1BE95EFF006C9804 /* Item.swift in Sources */,
				DB7948F71C0F972B00969F40 /* ItemPicture.swift in Sources */,
				DB65D4C81BE7ABA800957E53 /* AlertTableCell.swift in Sources */,
				DB395E741BEB0768004343DC /* Store.swift in Sources */,
				DB65D4C61BE7085900957E53 /* OrderPageViewController.swift in Sources */,
				DB7948FD1C10025400969F40 /* MerchantBaseModel.swift in Sources */,
				DB395E7E1BEBDDD8004343DC /* ItemPicCollectionViewCell.swift in Sources */,
				DB7948F51C0F931200969F40 /* ItemCategory.swift in Sources */,
				DB395E721BEB04BE004343DC /* Review.swift in Sources */,
				DB395E841BEFDDF5004343DC /* CategoryTableViewCell.swift in Sources */,
				DB9A58381BE90F08006C9804 /* StorePageViewController.swift in Sources */,
				DB65D4961BE6BEEF00957E53 /* AppDelegate.swift in Sources */,
				DB395E881BF0EC1D004343DC /* ReviewTableViewCell.swift in Sources */,
				DB9A58401BE95F20006C9804 /* ItemCollectionViewCell.swift in Sources */,
				DB1D743B1BE85D86008F23ED /* Alert.swift in Sources */,
			);
			runOnlyForDeploymentPostprocessing = 0;
		};
		DB65D4A21BE6BEF000957E53 /* Sources */ = {
			isa = PBXSourcesBuildPhase;
			buildActionMask = 2147483647;
			files = (
				DB65D4AB1BE6BEF000957E53 /* Merchant_TestTests.swift in Sources */,
			);
			runOnlyForDeploymentPostprocessing = 0;
		};
		DB65D4AD1BE6BEF000957E53 /* Sources */ = {
			isa = PBXSourcesBuildPhase;
			buildActionMask = 2147483647;
			files = (
				DB65D4B61BE6BEF000957E53 /* Merchant_TestUITests.swift in Sources */,
			);
			runOnlyForDeploymentPostprocessing = 0;
		};
/* End PBXSourcesBuildPhase section */

/* Begin PBXTargetDependency section */
		DB65D4A81BE6BEF000957E53 /* PBXTargetDependency */ = {
			isa = PBXTargetDependency;
			target = DB65D4911BE6BEEF00957E53 /* Merchant_Test */;
			targetProxy = DB65D4A71BE6BEF000957E53 /* PBXContainerItemProxy */;
		};
		DB65D4B31BE6BEF000957E53 /* PBXTargetDependency */ = {
			isa = PBXTargetDependency;
			target = DB65D4911BE6BEEF00957E53 /* Merchant_Test */;
			targetProxy = DB65D4B21BE6BEF000957E53 /* PBXContainerItemProxy */;
		};
/* End PBXTargetDependency section */

/* Begin PBXVariantGroup section */
		DB65D4991BE6BEEF00957E53 /* Main.storyboard */ = {
			isa = PBXVariantGroup;
			children = (
				DB65D49A1BE6BEEF00957E53 /* Base */,
			);
			name = Main.storyboard;
			path = Merchant_Test;
			sourceTree = "<group>";
		};
		DB65D49E1BE6BEF000957E53 /* LaunchScreen.storyboard */ = {
			isa = PBXVariantGroup;
			children = (
				DB65D49F1BE6BEF000957E53 /* Base */,
			);
			name = LaunchScreen.storyboard;
			sourceTree = "<group>";
		};
/* End PBXVariantGroup section */

/* Begin XCBuildConfiguration section */
		DB65D4B81BE6BEF000957E53 /* Debug */ = {
			isa = XCBuildConfiguration;
			buildSettings = {
				ALWAYS_SEARCH_USER_PATHS = NO;
				CLANG_CXX_LANGUAGE_STANDARD = "gnu++0x";
				CLANG_CXX_LIBRARY = "libc++";
				CLANG_ENABLE_MODULES = YES;
				CLANG_ENABLE_OBJC_ARC = YES;
				CLANG_WARN_BOOL_CONVERSION = YES;
				CLANG_WARN_CONSTANT_CONVERSION = YES;
				CLANG_WARN_DIRECT_OBJC_ISA_USAGE = YES_ERROR;
				CLANG_WARN_EMPTY_BODY = YES;
				CLANG_WARN_ENUM_CONVERSION = YES;
				CLANG_WARN_INT_CONVERSION = YES;
				CLANG_WARN_OBJC_ROOT_CLASS = YES_ERROR;
				CLANG_WARN_UNREACHABLE_CODE = YES;
				CLANG_WARN__DUPLICATE_METHOD_MATCH = YES;
				"CODE_SIGN_IDENTITY[sdk=iphoneos*]" = "iPhone Developer";
				COPY_PHASE_STRIP = NO;
				DEBUG_INFORMATION_FORMAT = dwarf;
				ENABLE_STRICT_OBJC_MSGSEND = YES;
				ENABLE_TESTABILITY = YES;
				GCC_C_LANGUAGE_STANDARD = gnu99;
				GCC_DYNAMIC_NO_PIC = NO;
				GCC_NO_COMMON_BLOCKS = YES;
				GCC_OPTIMIZATION_LEVEL = 0;
				GCC_PREPROCESSOR_DEFINITIONS = (
					"DEBUG=1",
					"$(inherited)",
				);
				GCC_WARN_64_TO_32_BIT_CONVERSION = YES;
				GCC_WARN_ABOUT_RETURN_TYPE = YES_ERROR;
				GCC_WARN_UNDECLARED_SELECTOR = YES;
				GCC_WARN_UNINITIALIZED_AUTOS = YES_AGGRESSIVE;
				GCC_WARN_UNUSED_FUNCTION = YES;
				GCC_WARN_UNUSED_VARIABLE = YES;
				IPHONEOS_DEPLOYMENT_TARGET = 9.0;
				MTL_ENABLE_DEBUG_INFO = YES;
				ONLY_ACTIVE_ARCH = YES;
				SDKROOT = iphoneos;
				SWIFT_OPTIMIZATION_LEVEL = "-Onone";
				TARGETED_DEVICE_FAMILY = "1,2";
			};
			name = Debug;
		};
		DB65D4B91BE6BEF000957E53 /* Release */ = {
			isa = XCBuildConfiguration;
			buildSettings = {
				ALWAYS_SEARCH_USER_PATHS = NO;
				CLANG_CXX_LANGUAGE_STANDARD = "gnu++0x";
				CLANG_CXX_LIBRARY = "libc++";
				CLANG_ENABLE_MODULES = YES;
				CLANG_ENABLE_OBJC_ARC = YES;
				CLANG_WARN_BOOL_CONVERSION = YES;
				CLANG_WARN_CONSTANT_CONVERSION = YES;
				CLANG_WARN_DIRECT_OBJC_ISA_USAGE = YES_ERROR;
				CLANG_WARN_EMPTY_BODY = YES;
				CLANG_WARN_ENUM_CONVERSION = YES;
				CLANG_WARN_INT_CONVERSION = YES;
				CLANG_WARN_OBJC_ROOT_CLASS = YES_ERROR;
				CLANG_WARN_UNREACHABLE_CODE = YES;
				CLANG_WARN__DUPLICATE_METHOD_MATCH = YES;
				"CODE_SIGN_IDENTITY[sdk=iphoneos*]" = "iPhone Developer";
				COPY_PHASE_STRIP = NO;
				DEBUG_INFORMATION_FORMAT = "dwarf-with-dsym";
				ENABLE_NS_ASSERTIONS = NO;
				ENABLE_STRICT_OBJC_MSGSEND = YES;
				GCC_C_LANGUAGE_STANDARD = gnu99;
				GCC_NO_COMMON_BLOCKS = YES;
				GCC_WARN_64_TO_32_BIT_CONVERSION = YES;
				GCC_WARN_ABOUT_RETURN_TYPE = YES_ERROR;
				GCC_WARN_UNDECLARED_SELECTOR = YES;
				GCC_WARN_UNINITIALIZED_AUTOS = YES_AGGRESSIVE;
				GCC_WARN_UNUSED_FUNCTION = YES;
				GCC_WARN_UNUSED_VARIABLE = YES;
				IPHONEOS_DEPLOYMENT_TARGET = 9.0;
				MTL_ENABLE_DEBUG_INFO = NO;
				SDKROOT = iphoneos;
				TARGETED_DEVICE_FAMILY = "1,2";
				VALIDATE_PRODUCT = YES;
			};
			name = Release;
		};
		DB65D4BB1BE6BEF000957E53 /* Debug */ = {
			isa = XCBuildConfiguration;
			baseConfigurationReference = EC8A6DDCFF83A5EDBE05664C /* Pods-Merchant_Test.debug.xcconfig */;
			buildSettings = {
				ASSETCATALOG_COMPILER_APPICON_NAME = AppIcon;
				FRAMEWORK_SEARCH_PATHS = (
					"$(inherited)",
					"$(PROJECT_DIR)",
					"$(PROJECT_DIR)/build/Debug-iphoneos",
				);
				INFOPLIST_FILE = Merchant_Test/Info.plist;
				LD_RUNPATH_SEARCH_PATHS = "$(inherited) @executable_path/Frameworks";
				PRODUCT_BUNDLE_IDENTIFIER = "Talace.Merchant-Test";
				PRODUCT_NAME = "$(TARGET_NAME)";
			};
			name = Debug;
		};
		DB65D4BC1BE6BEF000957E53 /* Release */ = {
			isa = XCBuildConfiguration;
			baseConfigurationReference = A64BEB6E59440FC480E06171 /* Pods-Merchant_Test.release.xcconfig */;
			buildSettings = {
				ASSETCATALOG_COMPILER_APPICON_NAME = AppIcon;
				FRAMEWORK_SEARCH_PATHS = (
					"$(inherited)",
					"$(PROJECT_DIR)",
					"$(PROJECT_DIR)/build/Debug-iphoneos",
				);
				INFOPLIST_FILE = Merchant_Test/Info.plist;
				LD_RUNPATH_SEARCH_PATHS = "$(inherited) @executable_path/Frameworks";
				PRODUCT_BUNDLE_IDENTIFIER = "Talace.Merchant-Test";
				PRODUCT_NAME = "$(TARGET_NAME)";
			};
			name = Release;
		};
		DB65D4BE1BE6BEF000957E53 /* Debug */ = {
			isa = XCBuildConfiguration;
			buildSettings = {
				BUNDLE_LOADER = "$(TEST_HOST)";
				INFOPLIST_FILE = Merchant_TestTests/Info.plist;
				LD_RUNPATH_SEARCH_PATHS = "$(inherited) @executable_path/Frameworks @loader_path/Frameworks";
				PRODUCT_BUNDLE_IDENTIFIER = "Talace.Merchant-TestTests";
				PRODUCT_NAME = "$(TARGET_NAME)";
				TEST_HOST = "$(BUILT_PRODUCTS_DIR)/Merchant_Test.app/Merchant_Test";
			};
			name = Debug;
		};
		DB65D4BF1BE6BEF000957E53 /* Release */ = {
			isa = XCBuildConfiguration;
			buildSettings = {
				BUNDLE_LOADER = "$(TEST_HOST)";
				INFOPLIST_FILE = Merchant_TestTests/Info.plist;
				LD_RUNPATH_SEARCH_PATHS = "$(inherited) @executable_path/Frameworks @loader_path/Frameworks";
				PRODUCT_BUNDLE_IDENTIFIER = "Talace.Merchant-TestTests";
				PRODUCT_NAME = "$(TARGET_NAME)";
				TEST_HOST = "$(BUILT_PRODUCTS_DIR)/Merchant_Test.app/Merchant_Test";
			};
			name = Release;
		};
		DB65D4C11BE6BEF000957E53 /* Debug */ = {
			isa = XCBuildConfiguration;
			buildSettings = {
				INFOPLIST_FILE = Merchant_TestUITests/Info.plist;
				LD_RUNPATH_SEARCH_PATHS = "$(inherited) @executable_path/Frameworks @loader_path/Frameworks";
				PRODUCT_BUNDLE_IDENTIFIER = "Talace.Merchant-TestUITests";
				PRODUCT_NAME = "$(TARGET_NAME)";
				TEST_TARGET_NAME = Merchant_Test;
				USES_XCTRUNNER = YES;
			};
			name = Debug;
		};
		DB65D4C21BE6BEF000957E53 /* Release */ = {
			isa = XCBuildConfiguration;
			buildSettings = {
				INFOPLIST_FILE = Merchant_TestUITests/Info.plist;
				LD_RUNPATH_SEARCH_PATHS = "$(inherited) @executable_path/Frameworks @loader_path/Frameworks";
				PRODUCT_BUNDLE_IDENTIFIER = "Talace.Merchant-TestUITests";
				PRODUCT_NAME = "$(TARGET_NAME)";
				TEST_TARGET_NAME = Merchant_Test;
				USES_XCTRUNNER = YES;
			};
			name = Release;
		};
/* End XCBuildConfiguration section */

/* Begin XCConfigurationList section */
		DB65D48D1BE6BEEF00957E53 /* Build configuration list for PBXProject "Merchant_Test" */ = {
			isa = XCConfigurationList;
			buildConfigurations = (
				DB65D4B81BE6BEF000957E53 /* Debug */,
				DB65D4B91BE6BEF000957E53 /* Release */,
			);
			defaultConfigurationIsVisible = 0;
			defaultConfigurationName = Release;
		};
		DB65D4BA1BE6BEF000957E53 /* Build configuration list for PBXNativeTarget "Merchant_Test" */ = {
			isa = XCConfigurationList;
			buildConfigurations = (
				DB65D4BB1BE6BEF000957E53 /* Debug */,
				DB65D4BC1BE6BEF000957E53 /* Release */,
			);
			defaultConfigurationIsVisible = 0;
			defaultConfigurationName = Release;
		};
		DB65D4BD1BE6BEF000957E53 /* Build configuration list for PBXNativeTarget "Merchant_TestTests" */ = {
			isa = XCConfigurationList;
			buildConfigurations = (
				DB65D4BE1BE6BEF000957E53 /* Debug */,
				DB65D4BF1BE6BEF000957E53 /* Release */,
			);
			defaultConfigurationIsVisible = 0;
			defaultConfigurationName = Release;
		};
		DB65D4C01BE6BEF000957E53 /* Build configuration list for PBXNativeTarget "Merchant_TestUITests" */ = {
			isa = XCConfigurationList;
			buildConfigurations = (
				DB65D4C11BE6BEF000957E53 /* Debug */,
				DB65D4C21BE6BEF000957E53 /* Release */,
			);
			defaultConfigurationIsVisible = 0;
			defaultConfigurationName = Release;
		};
/* End XCConfigurationList section */
	};
	rootObject = DB65D48A1BE6BEEF00957E53 /* Project object */;
}
